# quantum-rootwrap command filters for nodes on which quantum is
# expected to control network
#
# This file should be owned by (and only-writeable by) the root user

# format seems to be
# cmd-name: filter-name, raw-command, user, args

[Filters]

# brctl
brctl: CommandFilter, /sbin/brctl, root
brctl_usr: CommandFilter, /usr/sbin/brctl, root

# ip_lib
ip: IpFilter, /sbin/ip, root
ip_usr: IpFilter, /usr/sbin/ip, root
ip_exec: IpNetnsExecFilter, /sbin/ip, root
ip_exec_usr: IpNetnsExecFilter, /usr/sbin/ip, root

# ovs_lib
cat: RegExpFilter, /bin/cat, root, cat, /proc/\d+/cmdline
ovs-vsctl: CommandFilter, /bin/ovs-vsctl, root
ovs-vsctl_usr: CommandFilter, /usr/bin/ovs-vsctl, root
ovs-vsctl_sbin: CommandFilter, /sbin/ovs-vsctl, root
ovs-vsctl_sbin_usr: CommandFilter, /usr/sbin/ovs-vsctl, root

# utility commands for debugging
ping: CommandFilter, /bin/ping, root
ping_usr: CommandFilter, /usr/bin/ping, root
ping_sbin: CommandFilter, /sbin/ping, root
ping_sbin_usr: CommandFilter, /usr/sbin/ping, root

dhclient: CommandFilter, /bin/dhclient, root
dhclient_usr: CommandFilter, /usr/bin/dhclient, root
dhclient_sbin: CommandFilter, /sbin/dhclient, root
dhclient_sbin_usr: CommandFilter, /usr/sbin/dhclient, root

ifconfig: CommandFilter, /bin/ifconfig, root
ifconfig_usr: CommandFilter, /usr/bin/ifconfig, root
ifconfig_sbin: CommandFilter, /sbin/ifconfig, root
ifconfig_sbin_usr: CommandFilter, /usr/sbin/ifconfig, root
